
Microsoft Visual Studio Solution File, Format Version 12.00
# Visual Studio 15
VisualStudioVersion = 15.0.27130.2027
MinimumVisualStudioVersion = 10.0.40219.1
Project("{FAE04EC0-301F-11D3-BF4B-00C04F79EFBC}") = "HelloWorld", "HelloWorld\HelloWorld.csproj", "{06147689-4722-43F1-9343-81D6A75DF544}"
EndProject
Project("{FAE04EC0-301F-11D3-BF4B-00C04F79EFBC}") = "Demo_Statements", "Demo_Statements\Demo_Statements.csproj", "{5CAE53CA-B07A-4533-AC6D-4AB59B0A9646}"
EndProject
Project("{FAE04EC0-301F-11D3-BF4B-00C04F79EFBC}") = "DemoStackLib", "DemoStackLib\DemoStackLib.csproj", "{F14BC5DE-B6CB-43D1-8F3A-1B22BFA60466}"
EndProject
Project("{FAE04EC0-301F-11D3-BF4B-00C04F79EFBC}") = "DemoStackMain", "DemoStackMain\DemoStackMain.csproj", "{83CD6CCC-AA7A-47D1-9874-65FEA29A3812}"
EndProject
Project("{FAE04EC0-301F-11D3-BF4B-00C04F79EFBC}") = "XMLExample", "XMLExample\XMLExample.csproj", "{AAA03AC4-CD7A-4F9F-A4A7-7FEE0DF05155}"
EndProject
Project("{FAE04EC0-301F-11D3-BF4B-00C04F79EFBC}") = "OpOverloading", "OpOverloading\OpOverloading.csproj", "{111F6588-70BB-4089-873B-A3D6E6B4BECC}"
EndProject
Project("{FAE04EC0-301F-11D3-BF4B-00C04F79EFBC}") = "DemoCollections", "DemoCollections\DemoCollections.csproj", "{F5EB2178-C916-4747-BD1D-6940B068A529}"
EndProject
Project("{FAE04EC0-301F-11D3-BF4B-00C04F79EFBC}") = "Demo_Generics", "Demo_Generics\Demo_Generics.csproj", "{DB9E6963-B335-42F4-A069-CDB3CEF136B7}"
EndProject
Project("{FAE04EC0-301F-11D3-BF4B-00C04F79EFBC}") = "Demo_Delegates", "Demo_Delegates\Demo_Delegates.csproj", "{46E4D9ED-5567-4073-B376-8072F646A46A}"
EndProject
Project("{FAE04EC0-301F-11D3-BF4B-00C04F79EFBC}") = "Demo_Attributes", "Demo_Attributes\Demo_Attributes.csproj", "{BC846D17-798A-44D2-BD3C-94DE44996E63}"
EndProject
Project("{FAE04EC0-301F-11D3-BF4B-00C04F79EFBC}") = "Demo_Events", "Demo_Events\Demo_Events.csproj", "{2560D8FD-CD84-4AEC-B5E5-B9BC8F0124C5}"
EndProject
Project("{FAE04EC0-301F-11D3-BF4B-00C04F79EFBC}") = "Demo_Database", "Demo_Database\Demo_Database.csproj", "{3FD89564-5BC3-4996-BE21-65170548ABD8}"
EndProject
Project("{FAE04EC0-301F-11D3-BF4B-00C04F79EFBC}") = "HelloForm", "HelloForm\HelloForm.csproj", "{8DEB1073-3EE9-4C63-B3FD-995B0172D3A3}"
EndProject
Project("{F2A71F9B-5D33-465A-A702-920D77279786}") = "HelloFSharpLib", "HelloFSharpLib\HelloFSharpLib.fsproj", "{648D05FC-718E-4E19-8648-66D62465CDE9}"
EndProject
Project("{8BC9CEB8-8B4A-11D0-8D11-00A0C91BC942}") = "Demo_CPP_To_CSharp", "Demo_CPP_To_CSharp\Demo_CPP_To_CSharp.vcxproj", "{0640EDFD-8BFB-46F3-BF98-3587D1ACC04F}"
EndProject
Project("{FAE04EC0-301F-11D3-BF4B-00C04F79EFBC}") = "Demo_Threads", "Demo_Threads\Demo_Threads.csproj", "{5A2CA515-0220-4E08-A4AA-98A64D0016FF}"
EndProject
Global
	GlobalSection(SolutionConfigurationPlatforms) = preSolution
		Debug|Any CPU = Debug|Any CPU
		Debug|x64 = Debug|x64
		Debug|x86 = Debug|x86
		Release|Any CPU = Release|Any CPU
		Release|x64 = Release|x64
		Release|x86 = Release|x86
	EndGlobalSection
	GlobalSection(ProjectConfigurationPlatforms) = postSolution
		{06147689-4722-43F1-9343-81D6A75DF544}.Debug|Any CPU.ActiveCfg = Debug|Any CPU
		{06147689-4722-43F1-9343-81D6A75DF544}.Debug|Any CPU.Build.0 = Debug|Any CPU
		{06147689-4722-43F1-9343-81D6A75DF544}.Debug|x64.ActiveCfg = Debug|Any CPU
		{06147689-4722-43F1-9343-81D6A75DF544}.Debug|x64.Build.0 = Debug|Any CPU
		{06147689-4722-43F1-9343-81D6A75DF544}.Debug|x86.ActiveCfg = Debug|Any CPU
		{06147689-4722-43F1-9343-81D6A75DF544}.Debug|x86.Build.0 = Debug|Any CPU
		{06147689-4722-43F1-9343-81D6A75DF544}.Release|Any CPU.ActiveCfg = Release|Any CPU
		{06147689-4722-43F1-9343-81D6A75DF544}.Release|Any CPU.Build.0 = Release|Any CPU
		{06147689-4722-43F1-9343-81D6A75DF544}.Release|x64.ActiveCfg = Release|Any CPU
		{06147689-4722-43F1-9343-81D6A75DF544}.Release|x64.Build.0 = Release|Any CPU
		{06147689-4722-43F1-9343-81D6A75DF544}.Release|x86.ActiveCfg = Release|Any CPU
		{06147689-4722-43F1-9343-81D6A75DF544}.Release|x86.Build.0 = Release|Any CPU
		{5CAE53CA-B07A-4533-AC6D-4AB59B0A9646}.Debug|Any CPU.ActiveCfg = Debug|Any CPU
		{5CAE53CA-B07A-4533-AC6D-4AB59B0A9646}.Debug|Any CPU.Build.0 = Debug|Any CPU
		{5CAE53CA-B07A-4533-AC6D-4AB59B0A9646}.Debug|x64.ActiveCfg = Debug|Any CPU
		{5CAE53CA-B07A-4533-AC6D-4AB59B0A9646}.Debug|x64.Build.0 = Debug|Any CPU
		{5CAE53CA-B07A-4533-AC6D-4AB59B0A9646}.Debug|x86.ActiveCfg = Debug|Any CPU
		{5CAE53CA-B07A-4533-AC6D-4AB59B0A9646}.Debug|x86.Build.0 = Debug|Any CPU
		{5CAE53CA-B07A-4533-AC6D-4AB59B0A9646}.Release|Any CPU.ActiveCfg = Release|Any CPU
		{5CAE53CA-B07A-4533-AC6D-4AB59B0A9646}.Release|Any CPU.Build.0 = Release|Any CPU
		{5CAE53CA-B07A-4533-AC6D-4AB59B0A9646}.Release|x64.ActiveCfg = Release|Any CPU
		{5CAE53CA-B07A-4533-AC6D-4AB59B0A9646}.Release|x64.Build.0 = Release|Any CPU
		{5CAE53CA-B07A-4533-AC6D-4AB59B0A9646}.Release|x86.ActiveCfg = Release|Any CPU
		{5CAE53CA-B07A-4533-AC6D-4AB59B0A9646}.Release|x86.Build.0 = Release|Any CPU
		{F14BC5DE-B6CB-43D1-8F3A-1B22BFA60466}.Debug|Any CPU.ActiveCfg = Debug|Any CPU
		{F14BC5DE-B6CB-43D1-8F3A-1B22BFA60466}.Debug|Any CPU.Build.0 = Debug|Any CPU
		{F14BC5DE-B6CB-43D1-8F3A-1B22BFA60466}.Debug|x64.ActiveCfg = Debug|Any CPU
		{F14BC5DE-B6CB-43D1-8F3A-1B22BFA60466}.Debug|x64.Build.0 = Debug|Any CPU
		{F14BC5DE-B6CB-43D1-8F3A-1B22BFA60466}.Debug|x86.ActiveCfg = Debug|Any CPU
		{F14BC5DE-B6CB-43D1-8F3A-1B22BFA60466}.Debug|x86.Build.0 = Debug|Any CPU
		{F14BC5DE-B6CB-43D1-8F3A-1B22BFA60466}.Release|Any CPU.ActiveCfg = Release|Any CPU
		{F14BC5DE-B6CB-43D1-8F3A-1B22BFA60466}.Release|Any CPU.Build.0 = Release|Any CPU
		{F14BC5DE-B6CB-43D1-8F3A-1B22BFA60466}.Release|x64.ActiveCfg = Release|Any CPU
		{F14BC5DE-B6CB-43D1-8F3A-1B22BFA60466}.Release|x64.Build.0 = Release|Any CPU
		{F14BC5DE-B6CB-43D1-8F3A-1B22BFA60466}.Release|x86.ActiveCfg = Release|Any CPU
		{F14BC5DE-B6CB-43D1-8F3A-1B22BFA60466}.Release|x86.Build.0 = Release|Any CPU
		{83CD6CCC-AA7A-47D1-9874-65FEA29A3812}.Debug|Any CPU.ActiveCfg = Debug|Any CPU
		{83CD6CCC-AA7A-47D1-9874-65FEA29A3812}.Debug|Any CPU.Build.0 = Debug|Any CPU
		{83CD6CCC-AA7A-47D1-9874-65FEA29A3812}.Debug|x64.ActiveCfg = Debug|Any CPU
		{83CD6CCC-AA7A-47D1-9874-65FEA29A3812}.Debug|x64.Build.0 = Debug|Any CPU
		{83CD6CCC-AA7A-47D1-9874-65FEA29A3812}.Debug|x86.ActiveCfg = Debug|Any CPU
		{83CD6CCC-AA7A-47D1-9874-65FEA29A3812}.Debug|x86.Build.0 = Debug|Any CPU
		{83CD6CCC-AA7A-47D1-9874-65FEA29A3812}.Release|Any CPU.ActiveCfg = Release|Any CPU
		{83CD6CCC-AA7A-47D1-9874-65FEA29A3812}.Release|Any CPU.Build.0 = Release|Any CPU
		{83CD6CCC-AA7A-47D1-9874-65FEA29A3812}.Release|x64.ActiveCfg = Release|Any CPU
		{83CD6CCC-AA7A-47D1-9874-65FEA29A3812}.Release|x64.Build.0 = Release|Any CPU
		{83CD6CCC-AA7A-47D1-9874-65FEA29A3812}.Release|x86.ActiveCfg = Release|Any CPU
		{83CD6CCC-AA7A-47D1-9874-65FEA29A3812}.Release|x86.Build.0 = Release|Any CPU
		{AAA03AC4-CD7A-4F9F-A4A7-7FEE0DF05155}.Debug|Any CPU.ActiveCfg = Debug|Any CPU
		{AAA03AC4-CD7A-4F9F-A4A7-7FEE0DF05155}.Debug|Any CPU.Build.0 = Debug|Any CPU
		{AAA03AC4-CD7A-4F9F-A4A7-7FEE0DF05155}.Debug|x64.ActiveCfg = Debug|Any CPU
		{AAA03AC4-CD7A-4F9F-A4A7-7FEE0DF05155}.Debug|x64.Build.0 = Debug|Any CPU
		{AAA03AC4-CD7A-4F9F-A4A7-7FEE0DF05155}.Debug|x86.ActiveCfg = Debug|Any CPU
		{AAA03AC4-CD7A-4F9F-A4A7-7FEE0DF05155}.Debug|x86.Build.0 = Debug|Any CPU
		{AAA03AC4-CD7A-4F9F-A4A7-7FEE0DF05155}.Release|Any CPU.ActiveCfg = Release|Any CPU
		{AAA03AC4-CD7A-4F9F-A4A7-7FEE0DF05155}.Release|Any CPU.Build.0 = Release|Any CPU
		{AAA03AC4-CD7A-4F9F-A4A7-7FEE0DF05155}.Release|x64.ActiveCfg = Release|Any CPU
		{AAA03AC4-CD7A-4F9F-A4A7-7FEE0DF05155}.Release|x64.Build.0 = Release|Any CPU
		{AAA03AC4-CD7A-4F9F-A4A7-7FEE0DF05155}.Release|x86.ActiveCfg = Release|Any CPU
		{AAA03AC4-CD7A-4F9F-A4A7-7FEE0DF05155}.Release|x86.Build.0 = Release|Any CPU
		{111F6588-70BB-4089-873B-A3D6E6B4BECC}.Debug|Any CPU.ActiveCfg = Debug|Any CPU
		{111F6588-70BB-4089-873B-A3D6E6B4BECC}.Debug|Any CPU.Build.0 = Debug|Any CPU
		{111F6588-70BB-4089-873B-A3D6E6B4BECC}.Debug|x64.ActiveCfg = Debug|Any CPU
		{111F6588-70BB-4089-873B-A3D6E6B4BECC}.Debug|x64.Build.0 = Debug|Any CPU
		{111F6588-70BB-4089-873B-A3D6E6B4BECC}.Debug|x86.ActiveCfg = Debug|Any CPU
		{111F6588-70BB-4089-873B-A3D6E6B4BECC}.Debug|x86.Build.0 = Debug|Any CPU
		{111F6588-70BB-4089-873B-A3D6E6B4BECC}.Release|Any CPU.ActiveCfg = Release|Any CPU
		{111F6588-70BB-4089-873B-A3D6E6B4BECC}.Release|Any CPU.Build.0 = Release|Any CPU
		{111F6588-70BB-4089-873B-A3D6E6B4BECC}.Release|x64.ActiveCfg = Release|Any CPU
		{111F6588-70BB-4089-873B-A3D6E6B4BECC}.Release|x64.Build.0 = Release|Any CPU
		{111F6588-70BB-4089-873B-A3D6E6B4BECC}.Release|x86.ActiveCfg = Release|Any CPU
		{111F6588-70BB-4089-873B-A3D6E6B4BECC}.Release|x86.Build.0 = Release|Any CPU
		{F5EB2178-C916-4747-BD1D-6940B068A529}.Debug|Any CPU.ActiveCfg = Debug|Any CPU
		{F5EB2178-C916-4747-BD1D-6940B068A529}.Debug|Any CPU.Build.0 = Debug|Any CPU
		{F5EB2178-C916-4747-BD1D-6940B068A529}.Debug|x64.ActiveCfg = Debug|Any CPU
		{F5EB2178-C916-4747-BD1D-6940B068A529}.Debug|x64.Build.0 = Debug|Any CPU
		{F5EB2178-C916-4747-BD1D-6940B068A529}.Debug|x86.ActiveCfg = Debug|Any CPU
		{F5EB2178-C916-4747-BD1D-6940B068A529}.Debug|x86.Build.0 = Debug|Any CPU
		{F5EB2178-C916-4747-BD1D-6940B068A529}.Release|Any CPU.ActiveCfg = Release|Any CPU
		{F5EB2178-C916-4747-BD1D-6940B068A529}.Release|Any CPU.Build.0 = Release|Any CPU
		{F5EB2178-C916-4747-BD1D-6940B068A529}.Release|x64.ActiveCfg = Release|Any CPU
		{F5EB2178-C916-4747-BD1D-6940B068A529}.Release|x64.Build.0 = Release|Any CPU
		{F5EB2178-C916-4747-BD1D-6940B068A529}.Release|x86.ActiveCfg = Release|Any CPU
		{F5EB2178-C916-4747-BD1D-6940B068A529}.Release|x86.Build.0 = Release|Any CPU
		{DB9E6963-B335-42F4-A069-CDB3CEF136B7}.Debug|Any CPU.ActiveCfg = Debug|Any CPU
		{DB9E6963-B335-42F4-A069-CDB3CEF136B7}.Debug|Any CPU.Build.0 = Debug|Any CPU
		{DB9E6963-B335-42F4-A069-CDB3CEF136B7}.Debug|x64.ActiveCfg = Debug|Any CPU
		{DB9E6963-B335-42F4-A069-CDB3CEF136B7}.Debug|x64.Build.0 = Debug|Any CPU
		{DB9E6963-B335-42F4-A069-CDB3CEF136B7}.Debug|x86.ActiveCfg = Debug|Any CPU
		{DB9E6963-B335-42F4-A069-CDB3CEF136B7}.Debug|x86.Build.0 = Debug|Any CPU
		{DB9E6963-B335-42F4-A069-CDB3CEF136B7}.Release|Any CPU.ActiveCfg = Release|Any CPU
		{DB9E6963-B335-42F4-A069-CDB3CEF136B7}.Release|Any CPU.Build.0 = Release|Any CPU
		{DB9E6963-B335-42F4-A069-CDB3CEF136B7}.Release|x64.ActiveCfg = Release|Any CPU
		{DB9E6963-B335-42F4-A069-CDB3CEF136B7}.Release|x64.Build.0 = Release|Any CPU
		{DB9E6963-B335-42F4-A069-CDB3CEF136B7}.Release|x86.ActiveCfg = Release|Any CPU
		{DB9E6963-B335-42F4-A069-CDB3CEF136B7}.Release|x86.Build.0 = Release|Any CPU
		{46E4D9ED-5567-4073-B376-8072F646A46A}.Debug|Any CPU.ActiveCfg = Debug|Any CPU
		{46E4D9ED-5567-4073-B376-8072F646A46A}.Debug|Any CPU.Build.0 = Debug|Any CPU
		{46E4D9ED-5567-4073-B376-8072F646A46A}.Debug|x64.ActiveCfg = Debug|Any CPU
		{46E4D9ED-5567-4073-B376-8072F646A46A}.Debug|x64.Build.0 = Debug|Any CPU
		{46E4D9ED-5567-4073-B376-8072F646A46A}.Debug|x86.ActiveCfg = Debug|Any CPU
		{46E4D9ED-5567-4073-B376-8072F646A46A}.Debug|x86.Build.0 = Debug|Any CPU
		{46E4D9ED-5567-4073-B376-8072F646A46A}.Release|Any CPU.ActiveCfg = Release|Any CPU
		{46E4D9ED-5567-4073-B376-8072F646A46A}.Release|Any CPU.Build.0 = Release|Any CPU
		{46E4D9ED-5567-4073-B376-8072F646A46A}.Release|x64.ActiveCfg = Release|Any CPU
		{46E4D9ED-5567-4073-B376-8072F646A46A}.Release|x64.Build.0 = Release|Any CPU
		{46E4D9ED-5567-4073-B376-8072F646A46A}.Release|x86.ActiveCfg = Release|Any CPU
		{46E4D9ED-5567-4073-B376-8072F646A46A}.Release|x86.Build.0 = Release|Any CPU
		{BC846D17-798A-44D2-BD3C-94DE44996E63}.Debug|Any CPU.ActiveCfg = Debug|Any CPU
		{BC846D17-798A-44D2-BD3C-94DE44996E63}.Debug|Any CPU.Build.0 = Debug|Any CPU
		{BC846D17-798A-44D2-BD3C-94DE44996E63}.Debug|x64.ActiveCfg = Debug|Any CPU
		{BC846D17-798A-44D2-BD3C-94DE44996E63}.Debug|x64.Build.0 = Debug|Any CPU
		{BC846D17-798A-44D2-BD3C-94DE44996E63}.Debug|x86.ActiveCfg = Debug|Any CPU
		{BC846D17-798A-44D2-BD3C-94DE44996E63}.Debug|x86.Build.0 = Debug|Any CPU
		{BC846D17-798A-44D2-BD3C-94DE44996E63}.Release|Any CPU.ActiveCfg = Release|Any CPU
		{BC846D17-798A-44D2-BD3C-94DE44996E63}.Release|Any CPU.Build.0 = Release|Any CPU
		{BC846D17-798A-44D2-BD3C-94DE44996E63}.Release|x64.ActiveCfg = Release|Any CPU
		{BC846D17-798A-44D2-BD3C-94DE44996E63}.Release|x64.Build.0 = Release|Any CPU
		{BC846D17-798A-44D2-BD3C-94DE44996E63}.Release|x86.ActiveCfg = Release|Any CPU
		{BC846D17-798A-44D2-BD3C-94DE44996E63}.Release|x86.Build.0 = Release|Any CPU
		{2560D8FD-CD84-4AEC-B5E5-B9BC8F0124C5}.Debug|Any CPU.ActiveCfg = Debug|Any CPU
		{2560D8FD-CD84-4AEC-B5E5-B9BC8F0124C5}.Debug|Any CPU.Build.0 = Debug|Any CPU
		{2560D8FD-CD84-4AEC-B5E5-B9BC8F0124C5}.Debug|x64.ActiveCfg = Debug|Any CPU
		{2560D8FD-CD84-4AEC-B5E5-B9BC8F0124C5}.Debug|x64.Build.0 = Debug|Any CPU
		{2560D8FD-CD84-4AEC-B5E5-B9BC8F0124C5}.Debug|x86.ActiveCfg = Debug|Any CPU
		{2560D8FD-CD84-4AEC-B5E5-B9BC8F0124C5}.Debug|x86.Build.0 = Debug|Any CPU
		{2560D8FD-CD84-4AEC-B5E5-B9BC8F0124C5}.Release|Any CPU.ActiveCfg = Release|Any CPU
		{2560D8FD-CD84-4AEC-B5E5-B9BC8F0124C5}.Release|Any CPU.Build.0 = Release|Any CPU
		{2560D8FD-CD84-4AEC-B5E5-B9BC8F0124C5}.Release|x64.ActiveCfg = Release|Any CPU
		{2560D8FD-CD84-4AEC-B5E5-B9BC8F0124C5}.Release|x64.Build.0 = Release|Any CPU
		{2560D8FD-CD84-4AEC-B5E5-B9BC8F0124C5}.Release|x86.ActiveCfg = Release|Any CPU
		{2560D8FD-CD84-4AEC-B5E5-B9BC8F0124C5}.Release|x86.Build.0 = Release|Any CPU
		{3FD89564-5BC3-4996-BE21-65170548ABD8}.Debug|Any CPU.ActiveCfg = Debug|Any CPU
		{3FD89564-5BC3-4996-BE21-65170548ABD8}.Debug|Any CPU.Build.0 = Debug|Any CPU
		{3FD89564-5BC3-4996-BE21-65170548ABD8}.Debug|x64.ActiveCfg = Debug|x64
		{3FD89564-5BC3-4996-BE21-65170548ABD8}.Debug|x64.Build.0 = Debug|x64
		{3FD89564-5BC3-4996-BE21-65170548ABD8}.Debug|x86.ActiveCfg = Debug|x86
		{3FD89564-5BC3-4996-BE21-65170548ABD8}.Debug|x86.Build.0 = Debug|x86
		{3FD89564-5BC3-4996-BE21-65170548ABD8}.Release|Any CPU.ActiveCfg = Release|Any CPU
		{3FD89564-5BC3-4996-BE21-65170548ABD8}.Release|Any CPU.Build.0 = Release|Any CPU
		{3FD89564-5BC3-4996-BE21-65170548ABD8}.Release|x64.ActiveCfg = Release|x64
		{3FD89564-5BC3-4996-BE21-65170548ABD8}.Release|x64.Build.0 = Release|x64
		{3FD89564-5BC3-4996-BE21-65170548ABD8}.Release|x86.ActiveCfg = Release|x86
		{3FD89564-5BC3-4996-BE21-65170548ABD8}.Release|x86.Build.0 = Release|x86
		{8DEB1073-3EE9-4C63-B3FD-995B0172D3A3}.Debug|Any CPU.ActiveCfg = Debug|Any CPU
		{8DEB1073-3EE9-4C63-B3FD-995B0172D3A3}.Debug|Any CPU.Build.0 = Debug|Any CPU
		{8DEB1073-3EE9-4C63-B3FD-995B0172D3A3}.Debug|x64.ActiveCfg = Debug|Any CPU
		{8DEB1073-3EE9-4C63-B3FD-995B0172D3A3}.Debug|x64.Build.0 = Debug|Any CPU
		{8DEB1073-3EE9-4C63-B3FD-995B0172D3A3}.Debug|x86.ActiveCfg = Debug|Any CPU
		{8DEB1073-3EE9-4C63-B3FD-995B0172D3A3}.Debug|x86.Build.0 = Debug|Any CPU
		{8DEB1073-3EE9-4C63-B3FD-995B0172D3A3}.Release|Any CPU.ActiveCfg = Release|Any CPU
		{8DEB1073-3EE9-4C63-B3FD-995B0172D3A3}.Release|Any CPU.Build.0 = Release|Any CPU
		{8DEB1073-3EE9-4C63-B3FD-995B0172D3A3}.Release|x64.ActiveCfg = Release|Any CPU
		{8DEB1073-3EE9-4C63-B3FD-995B0172D3A3}.Release|x64.Build.0 = Release|Any CPU
		{8DEB1073-3EE9-4C63-B3FD-995B0172D3A3}.Release|x86.ActiveCfg = Release|Any CPU
		{8DEB1073-3EE9-4C63-B3FD-995B0172D3A3}.Release|x86.Build.0 = Release|Any CPU
		{648D05FC-718E-4E19-8648-66D62465CDE9}.Debug|Any CPU.ActiveCfg = Debug|Any CPU
		{648D05FC-718E-4E19-8648-66D62465CDE9}.Debug|Any CPU.Build.0 = Debug|Any CPU
		{648D05FC-718E-4E19-8648-66D62465CDE9}.Debug|x64.ActiveCfg = Debug|Any CPU
		{648D05FC-718E-4E19-8648-66D62465CDE9}.Debug|x64.Build.0 = Debug|Any CPU
		{648D05FC-718E-4E19-8648-66D62465CDE9}.Debug|x86.ActiveCfg = Debug|Any CPU
		{648D05FC-718E-4E19-8648-66D62465CDE9}.Debug|x86.Build.0 = Debug|Any CPU
		{648D05FC-718E-4E19-8648-66D62465CDE9}.Release|Any CPU.ActiveCfg = Release|Any CPU
		{648D05FC-718E-4E19-8648-66D62465CDE9}.Release|Any CPU.Build.0 = Release|Any CPU
		{648D05FC-718E-4E19-8648-66D62465CDE9}.Release|x64.ActiveCfg = Release|Any CPU
		{648D05FC-718E-4E19-8648-66D62465CDE9}.Release|x64.Build.0 = Release|Any CPU
		{648D05FC-718E-4E19-8648-66D62465CDE9}.Release|x86.ActiveCfg = Release|Any CPU
		{648D05FC-718E-4E19-8648-66D62465CDE9}.Release|x86.Build.0 = Release|Any CPU
		{0640EDFD-8BFB-46F3-BF98-3587D1ACC04F}.Debug|Any CPU.ActiveCfg = Debug|Win32
		{0640EDFD-8BFB-46F3-BF98-3587D1ACC04F}.Debug|x64.ActiveCfg = Debug|x64
		{0640EDFD-8BFB-46F3-BF98-3587D1ACC04F}.Debug|x64.Build.0 = Debug|x64
		{0640EDFD-8BFB-46F3-BF98-3587D1ACC04F}.Debug|x86.ActiveCfg = Debug|Win32
		{0640EDFD-8BFB-46F3-BF98-3587D1ACC04F}.Debug|x86.Build.0 = Debug|Win32
		{0640EDFD-8BFB-46F3-BF98-3587D1ACC04F}.Release|Any CPU.ActiveCfg = Release|Win32
		{0640EDFD-8BFB-46F3-BF98-3587D1ACC04F}.Release|x64.ActiveCfg = Release|x64
		{0640EDFD-8BFB-46F3-BF98-3587D1ACC04F}.Release|x64.Build.0 = Release|x64
		{0640EDFD-8BFB-46F3-BF98-3587D1ACC04F}.Release|x86.ActiveCfg = Release|Win32
		{0640EDFD-8BFB-46F3-BF98-3587D1ACC04F}.Release|x86.Build.0 = Release|Win32
		{5A2CA515-0220-4E08-A4AA-98A64D0016FF}.Debug|Any CPU.ActiveCfg = Debug|Any CPU
		{5A2CA515-0220-4E08-A4AA-98A64D0016FF}.Debug|Any CPU.Build.0 = Debug|Any CPU
		{5A2CA515-0220-4E08-A4AA-98A64D0016FF}.Debug|x64.ActiveCfg = Debug|Any CPU
		{5A2CA515-0220-4E08-A4AA-98A64D0016FF}.Debug|x64.Build.0 = Debug|Any CPU
		{5A2CA515-0220-4E08-A4AA-98A64D0016FF}.Debug|x86.ActiveCfg = Debug|Any CPU
		{5A2CA515-0220-4E08-A4AA-98A64D0016FF}.Debug|x86.Build.0 = Debug|Any CPU
		{5A2CA515-0220-4E08-A4AA-98A64D0016FF}.Release|Any CPU.ActiveCfg = Release|Any CPU
		{5A2CA515-0220-4E08-A4AA-98A64D0016FF}.Release|Any CPU.Build.0 = Release|Any CPU
		{5A2CA515-0220-4E08-A4AA-98A64D0016FF}.Release|x64.ActiveCfg = Release|Any CPU
		{5A2CA515-0220-4E08-A4AA-98A64D0016FF}.Release|x64.Build.0 = Release|Any CPU
		{5A2CA515-0220-4E08-A4AA-98A64D0016FF}.Release|x86.ActiveCfg = Release|Any CPU
		{5A2CA515-0220-4E08-A4AA-98A64D0016FF}.Release|x86.Build.0 = Release|Any CPU
	EndGlobalSection
	GlobalSection(SolutionProperties) = preSolution
		HideSolutionNode = FALSE
	EndGlobalSection
	GlobalSection(ExtensibilityGlobals) = postSolution
		SolutionGuid = {B4438321-835C-4681-B3B5-D289BC7B6723}
	EndGlobalSection
EndGlobal
